
Microsoft Visual Studio Solution File, Format Version 12.00
# Visual Studio Version 17
VisualStudioVersion = 17.14.36202.13 d17.14
MinimumVisualStudioVersion = 10.0.40219.1
Project("{FAE04EC0-301F-11D3-BF4B-00C04F79EFBC}") = "DBApproachSelenium", "DBApproachSelenium\DBApproachSelenium.csproj", "{18A6B8C5-9A18-43EA-87DA-2C4B83184F25}"
EndProject
Global
	GlobalSection(SolutionConfigurationPlatforms) = preSolution
		Debug|Any CPU = Debug|Any CPU
		Release|Any CPU = Release|Any CPU
	EndGlobalSection
	GlobalSection(ProjectConfigurationPlatforms) = postSolution
		{18A6B8C5-9A18-43EA-87DA-2C4B83184F25}.Debug|Any CPU.ActiveCfg = Debug|Any CPU
		{18A6B8C5-9A18-43EA-87DA-2C4B83184F25}.Debug|Any CPU.Build.0 = Debug|Any CPU
		{18A6B8C5-9A18-43EA-87DA-2C4B83184F25}.Release|Any CPU.ActiveCfg = Release|Any CPU
		{18A6B8C5-9A18-43EA-87DA-2C4B83184F25}.Release|Any CPU.Build.0 = Release|Any CPU
	EndGlobalSection
	GlobalSection(SolutionProperties) = preSolution
		HideSolutionNode = FALSE
	EndGlobalSection
	GlobalSection(ExtensibilityGlobals) = postSolution
		SolutionGuid = {FE3251CA-190B-4325-B9A5-E137F3D419A4}
	EndGlobalSection
EndGlobal
